// !$*UTF8*$!
{
	archiveVersion = 1;
	classes = {
	};
	objectVersion = 46;
	objects = {

/* Begin PBXBuildFile section */
		313383D238E130CB01784254 /* Pods_WeatherMap.framework in Frameworks */ = {isa = PBXBuildFile; fileRef = 9EC50F37A8A33DD25BA131A7 /* Pods_WeatherMap.framework */; };
		8B16FB731CC8E46800D0FB92 /* ExtentionCollectionViewCell.swift in Sources */ = {isa = PBXBuildFile; fileRef = 8B16FB711CC8E46800D0FB92 /* ExtentionCollectionViewCell.swift */; };
		8B16FB741CC8E46800D0FB92 /* ExtentionCollectionViewCell.xib in Resources */ = {isa = PBXBuildFile; fileRef = 8B16FB721CC8E46800D0FB92 /* ExtentionCollectionViewCell.xib */; };
		8B48620C1CC2272F001D50FD /* Weather.swift in Sources */ = {isa = PBXBuildFile; fileRef = 8B48620B1CC2272F001D50FD /* Weather.swift */; };
		8B641A6E1CBD088F007E19ED /* Assets.xcassets in Resources */ = {isa = PBXBuildFile; fileRef = 8B641A6D1CBD088F007E19ED /* Assets.xcassets */; };
		8B641A711CBD088F007E19ED /* LaunchScreen.storyboard in Resources */ = {isa = PBXBuildFile; fileRef = 8B641A6F1CBD088F007E19ED /* LaunchScreen.storyboard */; };
		8B641A7F1CBD1190007E19ED /* Artwork.swift in Sources */ = {isa = PBXBuildFile; fileRef = 8B641A7E1CBD1190007E19ED /* Artwork.swift */; };
		8B8CEEDD1CC109B300326045 /* MapViewController.swift in Sources */ = {isa = PBXBuildFile; fileRef = 8B8CEEDB1CC109B300326045 /* MapViewController.swift */; };
		8B8CEEDE1CC109B300326045 /* MapViewController.xib in Resources */ = {isa = PBXBuildFile; fileRef = 8B8CEEDC1CC109B300326045 /* MapViewController.xib */; };
		8B8CEEE11CC109F900326045 /* DescriptionView.swift in Sources */ = {isa = PBXBuildFile; fileRef = 8B8CEEDF1CC109F900326045 /* DescriptionView.swift */; };
		8B8CEEE21CC109F900326045 /* DescriptionView.xib in Resources */ = {isa = PBXBuildFile; fileRef = 8B8CEEE01CC109F900326045 /* DescriptionView.xib */; };
		8B8CEEEC1CC10B2400326045 /* AppDelegate.swift in Sources */ = {isa = PBXBuildFile; fileRef = 8B8CEEEB1CC10B2400326045 /* AppDelegate.swift */; };
		8B8CEEFC1CC1171E00326045 /* OpenWeatherMap.swift in Sources */ = {isa = PBXBuildFile; fileRef = 8B8CEEFB1CC1171E00326045 /* OpenWeatherMap.swift */; };
		8B8CEF001CC1190F00326045 /* WeatherViewController.swift in Sources */ = {isa = PBXBuildFile; fileRef = 8B8CEEFE1CC1190F00326045 /* WeatherViewController.swift */; };
		8B8CEF011CC1190F00326045 /* WeatherViewController.xib in Resources */ = {isa = PBXBuildFile; fileRef = 8B8CEEFF1CC1190F00326045 /* WeatherViewController.xib */; };
		8BAA83D11CC245C0002F121C /* StatusConstants.swift in Sources */ = {isa = PBXBuildFile; fileRef = 8BAA83D01CC245C0002F121C /* StatusConstants.swift */; };
		8BAA83D31CC250D1002F121C /* WebHelper.swift in Sources */ = {isa = PBXBuildFile; fileRef = 8BAA83D21CC250D1002F121C /* WebHelper.swift */; };
/* End PBXBuildFile section */

/* Begin PBXFileReference section */
		80E7921538D1F87A07155175 /* Pods-WeatherMap.release.xcconfig */ = {isa = PBXFileReference; includeInIndex = 1; lastKnownFileType = text.xcconfig; name = "Pods-WeatherMap.release.xcconfig"; path = "Pods/Target Support Files/Pods-WeatherMap/Pods-WeatherMap.release.xcconfig"; sourceTree = "<group>"; };
		8B16FB711CC8E46800D0FB92 /* ExtentionCollectionViewCell.swift */ = {isa = PBXFileReference; fileEncoding = 4; lastKnownFileType = sourcecode.swift; path = ExtentionCollectionViewCell.swift; sourceTree = "<group>"; };
		8B16FB721CC8E46800D0FB92 /* ExtentionCollectionViewCell.xib */ = {isa = PBXFileReference; fileEncoding = 4; lastKnownFileType = file.xib; path = ExtentionCollectionViewCell.xib; sourceTree = "<group>"; };
		8B48620B1CC2272F001D50FD /* Weather.swift */ = {isa = PBXFileReference; fileEncoding = 4; lastKnownFileType = sourcecode.swift; name = Weather.swift; path = Libraly/BasicClass/Weather.swift; sourceTree = "<group>"; };
		8B641A631CBD088F007E19ED /* WeatherMap.app */ = {isa = PBXFileReference; explicitFileType = wrapper.application; includeInIndex = 0; path = WeatherMap.app; sourceTree = BUILT_PRODUCTS_DIR; };
		8B641A6D1CBD088F007E19ED /* Assets.xcassets */ = {isa = PBXFileReference; lastKnownFileType = folder.assetcatalog; path = Assets.xcassets; sourceTree = "<group>"; };
		8B641A701CBD088F007E19ED /* Base */ = {isa = PBXFileReference; lastKnownFileType = file.storyboard; name = Base; path = Base.lproj/LaunchScreen.storyboard; sourceTree = "<group>"; };
		8B641A7E1CBD1190007E19ED /* Artwork.swift */ = {isa = PBXFileReference; fileEncoding = 4; lastKnownFileType = sourcecode.swift; path = Artwork.swift; sourceTree = "<group>"; };
		8B8CEEDB1CC109B300326045 /* MapViewController.swift */ = {isa = PBXFileReference; fileEncoding = 4; lastKnownFileType = sourcecode.swift; name = MapViewController.swift; path = ViewControllers/Map/MapViewController.swift; sourceTree = "<group>"; };
		8B8CEEDC1CC109B300326045 /* MapViewController.xib */ = {isa = PBXFileReference; fileEncoding = 4; lastKnownFileType = file.xib; name = MapViewController.xib; path = ViewControllers/Map/MapViewController.xib; sourceTree = "<group>"; };
		8B8CEEDF1CC109F900326045 /* DescriptionView.swift */ = {isa = PBXFileReference; fileEncoding = 4; lastKnownFileType = sourcecode.swift; name = DescriptionView.swift; path = Views/Description/DescriptionView.swift; sourceTree = "<group>"; };
		8B8CEEE01CC109F900326045 /* DescriptionView.xib */ = {isa = PBXFileReference; fileEncoding = 4; lastKnownFileType = file.xib; name = DescriptionView.xib; path = Views/Description/DescriptionView.xib; sourceTree = "<group>"; };
		8B8CEEE91CC10B1000326045 /* Info.plist */ = {isa = PBXFileReference; fileEncoding = 4; lastKnownFileType = text.plist.xml; path = Info.plist; sourceTree = "<group>"; };
		8B8CEEEB1CC10B2400326045 /* AppDelegate.swift */ = {isa = PBXFileReference; fileEncoding = 4; lastKnownFileType = sourcecode.swift; path = AppDelegate.swift; sourceTree = "<group>"; };
		8B8CEEFB1CC1171E00326045 /* OpenWeatherMap.swift */ = {isa = PBXFileReference; fileEncoding = 4; lastKnownFileType = sourcecode.swift; name = OpenWeatherMap.swift; path = Libraly/Helpers/API/OpenWeatherMap.swift; sourceTree = "<group>"; };
		8B8CEEFE1CC1190F00326045 /* WeatherViewController.swift */ = {isa = PBXFileReference; fileEncoding = 4; lastKnownFileType = sourcecode.swift; name = WeatherViewController.swift; path = ViewControllers/Weather/WeatherViewController.swift; sourceTree = "<group>"; };
		8B8CEEFF1CC1190F00326045 /* WeatherViewController.xib */ = {isa = PBXFileReference; fileEncoding = 4; lastKnownFileType = file.xib; name = WeatherViewController.xib; path = ViewControllers/Weather/WeatherViewController.xib; sourceTree = "<group>"; };
		8BAA83D01CC245C0002F121C /* StatusConstants.swift */ = {isa = PBXFileReference; fileEncoding = 4; lastKnownFileType = sourcecode.swift; name = StatusConstants.swift; path = Libraly/Helpers/Constants/StatusConstants.swift; sourceTree = "<group>"; };
		8BAA83D21CC250D1002F121C /* WebHelper.swift */ = {isa = PBXFileReference; fileEncoding = 4; lastKnownFileType = sourcecode.swift; name = WebHelper.swift; path = Libraly/Helpers/WebHelper.swift; sourceTree = "<group>"; };
		9DCB6520C0EE1A194039B325 /* Pods-WeatherMap.debug.xcconfig */ = {isa = PBXFileReference; includeInIndex = 1; lastKnownFileType = text.xcconfig; name = "Pods-WeatherMap.debug.xcconfig"; path = "Pods/Target Support Files/Pods-WeatherMap/Pods-WeatherMap.debug.xcconfig"; sourceTree = "<group>"; };
		9EC50F37A8A33DD25BA131A7 /* Pods_WeatherMap.framework */ = {isa = PBXFileReference; explicitFileType = wrapper.framework; includeInIndex = 0; path = Pods_WeatherMap.framework; sourceTree = BUILT_PRODUCTS_DIR; };
/* End PBXFileReference section */

/* Begin PBXFrameworksBuildPhase section */
		8B641A601CBD088F007E19ED /* Frameworks */ = {
			isa = PBXFrameworksBuildPhase;
			buildActionMask = 2147483647;
			files = (
				313383D238E130CB01784254 /* Pods_WeatherMap.framework in Frameworks */,
			);
			runOnlyForDeploymentPostprocessing = 0;
		};
/* End PBXFrameworksBuildPhase section */

/* Begin PBXGroup section */
		267826880F7F7EEDBE80CE5F /* Frameworks */ = {
			isa = PBXGroup;
			children = (
				9EC50F37A8A33DD25BA131A7 /* Pods_WeatherMap.framework */,
			);
			name = Frameworks;
			sourceTree = "<group>";
		};
		8B16FB6B1CC8E3D200D0FB92 /* Cells */ = {
			isa = PBXGroup;
			children = (
				8B16FB6C1CC8E3DA00D0FB92 /* Extention */,
			);
			name = Cells;
			sourceTree = "<group>";
		};
		8B16FB6C1CC8E3DA00D0FB92 /* Extention */ = {
			isa = PBXGroup;
			children = (
				8B16FB711CC8E46800D0FB92 /* ExtentionCollectionViewCell.swift */,
				8B16FB721CC8E46800D0FB92 /* ExtentionCollectionViewCell.xib */,
			);
			name = Extention;
			sourceTree = "<group>";
		};
		8B2D45581CBE517E00DAF475 /* Views */ = {
			isa = PBXGroup;
			children = (
				8B16FB6B1CC8E3D200D0FB92 /* Cells */,
				8B2D45621CBE737C00DAF475 /* Description */,
			);
			name = Views;
			sourceTree = "<group>";
		};
		8B2D45621CBE737C00DAF475 /* Description */ = {
			isa = PBXGroup;
			children = (
				8B8CEEDF1CC109F900326045 /* DescriptionView.swift */,
				8B8CEEE01CC109F900326045 /* DescriptionView.xib */,
			);
			name = Description;
			sourceTree = "<group>";
		};
		8B2E62E81CC0F9A700519F5D /* Resource */ = {
			isa = PBXGroup;
			children = (
				8B641A6D1CBD088F007E19ED /* Assets.xcassets */,
			);
			name = Resource;
			sourceTree = "<group>";
		};
		8B2E62E91CC0F9BB00519F5D /* Storyboards */ = {
			isa = PBXGroup;
			children = (
				8B641A6F1CBD088F007E19ED /* LaunchScreen.storyboard */,
			);
			name = Storyboards;
			sourceTree = "<group>";
		};
		8B2E62EA1CC101F600519F5D /* Libraly */ = {
			isa = PBXGroup;
			children = (
				8B8CEF021CC1258200326045 /* BasicClass */,
				8B2E62EB1CC1021600519F5D /* Helpers */,
			);
			name = Libraly;
			sourceTree = "<group>";
		};
		8B2E62EB1CC1021600519F5D /* Helpers */ = {
			isa = PBXGroup;
			children = (
				8BAA83CB1CC23BB1002F121C /* Constants */,
				8B2E62EC1CC1022500519F5D /* API */,
				8BAA83D21CC250D1002F121C /* WebHelper.swift */,
			);
			name = Helpers;
			sourceTree = "<group>";
		};
		8B2E62EC1CC1022500519F5D /* API */ = {
			isa = PBXGroup;
			children = (
				8B8CEEFB1CC1171E00326045 /* OpenWeatherMap.swift */,
			);
			name = API;
			sourceTree = "<group>";
		};
		8B641A5A1CBD088F007E19ED = {
			isa = PBXGroup;
			children = (
				8B641A651CBD088F007E19ED /* WeatherMap */,
				8B641A641CBD088F007E19ED /* Products */,
				A113EB7C3990C1F16E6B526E /* Pods */,
				267826880F7F7EEDBE80CE5F /* Frameworks */,
			);
			sourceTree = "<group>";
		};
		8B641A641CBD088F007E19ED /* Products */ = {
			isa = PBXGroup;
			children = (
				8B641A631CBD088F007E19ED /* WeatherMap.app */,
			);
			name = Products;
			sourceTree = "<group>";
		};
		8B641A651CBD088F007E19ED /* WeatherMap */ = {
			isa = PBXGroup;
			children = (
				8B641A781CBD09E0007E19ED /* ViewControllers */,
				8B2D45581CBE517E00DAF475 /* Views */,
				8B2E62EA1CC101F600519F5D /* Libraly */,
				8B2E62E91CC0F9BB00519F5D /* Storyboards */,
				8B2E62E81CC0F9A700519F5D /* Resource */,
				8B641A7E1CBD1190007E19ED /* Artwork.swift */,
				8B8CEEEB1CC10B2400326045 /* AppDelegate.swift */,
				8B8CEEE91CC10B1000326045 /* Info.plist */,
			);
			path = WeatherMap;
			sourceTree = "<group>";
		};
		8B641A781CBD09E0007E19ED /* ViewControllers */ = {
			isa = PBXGroup;
			children = (
				8B8CEEFD1CC1189B00326045 /* Weather */,
				8B641A791CBD09FE007E19ED /* Map */,
			);
			name = ViewControllers;
			sourceTree = "<group>";
		};
		8B641A791CBD09FE007E19ED /* Map */ = {
			isa = PBXGroup;
			children = (
				8B8CEEDB1CC109B300326045 /* MapViewController.swift */,
				8B8CEEDC1CC109B300326045 /* MapViewController.xib */,
			);
			name = Map;
			sourceTree = "<group>";
		};
		8B8CEEFD1CC1189B00326045 /* Weather */ = {
			isa = PBXGroup;
			children = (
				8B8CEEFE1CC1190F00326045 /* WeatherViewController.swift */,
				8B8CEEFF1CC1190F00326045 /* WeatherViewController.xib */,
			);
			name = Weather;
			sourceTree = "<group>";
		};
		8B8CEF021CC1258200326045 /* BasicClass */ = {
			isa = PBXGroup;
			children = (
				8B48620B1CC2272F001D50FD /* Weather.swift */,
			);
			name = BasicClass;
			sourceTree = "<group>";
		};
		8BAA83CB1CC23BB1002F121C /* Constants */ = {
			isa = PBXGroup;
			children = (
				8BAA83D01CC245C0002F121C /* StatusConstants.swift */,
			);
			name = Constants;
			sourceTree = "<group>";
		};
		A113EB7C3990C1F16E6B526E /* Pods */ = {
			isa = PBXGroup;
			children = (
				9DCB6520C0EE1A194039B325 /* Pods-WeatherMap.debug.xcconfig */,
				80E7921538D1F87A07155175 /* Pods-WeatherMap.release.xcconfig */,
			);
			name = Pods;
			sourceTree = "<group>";
		};
/* End PBXGroup section */

/* Begin PBXNativeTarget section */
		8B641A621CBD088F007E19ED /* WeatherMap */ = {
			isa = PBXNativeTarget;
			buildConfigurationList = 8B641A751CBD088F007E19ED /* Build configuration list for PBXNativeTarget "WeatherMap" */;
			buildPhases = (
				0C69F988A4AA223D418E4616 /* Check Pods Manifest.lock */,
				8B641A5F1CBD088F007E19ED /* Sources */,
				8B641A601CBD088F007E19ED /* Frameworks */,
				8B641A611CBD088F007E19ED /* Resources */,
				847583EAFAFA6569A6D96ECB /* Embed Pods Frameworks */,
				F3313431BE98D3EC944851DA /* Copy Pods Resources */,
			);
			buildRules = (
			);
			dependencies = (
			);
			name = WeatherMap;
			productName = WeatherMap;
			productReference = 8B641A631CBD088F007E19ED /* WeatherMap.app */;
			productType = "com.apple.product-type.application";
		};
/* End PBXNativeTarget section */

/* Begin PBXProject section */
		8B641A5B1CBD088F007E19ED /* Project object */ = {
			isa = PBXProject;
			attributes = {
				LastSwiftUpdateCheck = 0730;
				LastUpgradeCheck = 0730;
				ORGANIZATIONNAME = developer;
				TargetAttributes = {
					8B641A621CBD088F007E19ED = {
						CreatedOnToolsVersion = 7.3;
					};
				};
			};
			buildConfigurationList = 8B641A5E1CBD088F007E19ED /* Build configuration list for PBXProject "WeatherMap" */;
			compatibilityVersion = "Xcode 3.2";
			developmentRegion = English;
			hasScannedForEncodings = 0;
			knownRegions = (
				en,
				Base,
			);
			mainGroup = 8B641A5A1CBD088F007E19ED;
			productRefGroup = 8B641A641CBD088F007E19ED /* Products */;
			projectDirPath = "";
			projectRoot = "";
			targets = (
				8B641A621CBD088F007E19ED /* WeatherMap */,
			);
		};
/* End PBXProject section */

/* Begin PBXResourcesBuildPhase section */
		8B641A611CBD088F007E19ED /* Resources */ = {
			isa = PBXResourcesBuildPhase;
			buildActionMask = 2147483647;
			files = (
				8B641A711CBD088F007E19ED /* LaunchScreen.storyboard in Resources */,
				8B16FB741CC8E46800D0FB92 /* ExtentionCollectionViewCell.xib in Resources */,
				8B8CEF011CC1190F00326045 /* WeatherViewController.xib in Resources */,
				8B641A6E1CBD088F007E19ED /* Assets.xcassets in Resources */,
				8B8CEEDE1CC109B300326045 /* MapViewController.xib in Resources */,
				8B8CEEE21CC109F900326045 /* DescriptionView.xib in Resources */,
			);
			runOnlyForDeploymentPostprocessing = 0;
		};
/* End PBXResourcesBuildPhase section */

/* Begin PBXShellScriptBuildPhase section */
		0C69F988A4AA223D418E4616 /* Check Pods Manifest.lock */ = {
			isa = PBXShellScriptBuildPhase;
			buildActionMask = 2147483647;
			files = (
			);
			inputPaths = (
			);
			name = "Check Pods Manifest.lock";
			outputPaths = (
			);
			runOnlyForDeploymentPostprocessing = 0;
			shellPath = /bin/sh;
			shellScript = "diff \"${PODS_ROOT}/../Podfile.lock\" \"${PODS_ROOT}/Manifest.lock\" > /dev/null\nif [[ $? != 0 ]] ; then\n    cat << EOM\nerror: The sandbox is not in sync with the Podfile.lock. Run 'pod install' or update your CocoaPods installation.\nEOM\n    exit 1\nfi\n";
			showEnvVarsInLog = 0;
		};
		847583EAFAFA6569A6D96ECB /* Embed Pods Frameworks */ = {
			isa = PBXShellScriptBuildPhase;
			buildActionMask = 2147483647;
			files = (
			);
			inputPaths = (
			);
			name = "Embed Pods Frameworks";
			outputPaths = (
			);
			runOnlyForDeploymentPostprocessing = 0;
			shellPath = /bin/sh;
			shellScript = "\"${SRCROOT}/Pods/Target Support Files/Pods-WeatherMap/Pods-WeatherMap-frameworks.sh\"\n";
			showEnvVarsInLog = 0;
		};
		F3313431BE98D3EC944851DA /* Copy Pods Resources */ = {
			isa = PBXShellScriptBuildPhase;
			buildActionMask = 2147483647;
			files = (
			);
			inputPaths = (
			);
			name = "Copy Pods Resources";
			outputPaths = (
			);
			runOnlyForDeploymentPostprocessing = 0;
			shellPath = /bin/sh;
			shellScript = "\"${SRCROOT}/Pods/Target Support Files/Pods-WeatherMap/Pods-WeatherMap-resources.sh\"\n";
			showEnvVarsInLog = 0;
		};
/* End PBXShellScriptBuildPhase section */

/* Begin PBXSourcesBuildPhase section */
		8B641A5F1CBD088F007E19ED /* Sources */ = {
			isa = PBXSourcesBuildPhase;
			buildActionMask = 2147483647;
			files = (
				8B8CEEFC1CC1171E00326045 /* OpenWeatherMap.swift in Sources */,
				8BAA83D11CC245C0002F121C /* StatusConstants.swift in Sources */,
				8B8CEF001CC1190F00326045 /* WeatherViewController.swift in Sources */,
				8B16FB731CC8E46800D0FB92 /* ExtentionCollectionViewCell.swift in Sources */,
				8BAA83D31CC250D1002F121C /* WebHelper.swift in Sources */,
				8B641A7F1CBD1190007E19ED /* Artwork.swift in Sources */,
				8B8CEEDD1CC109B300326045 /* MapViewController.swift in Sources */,
				8B8CEEEC1CC10B2400326045 /* AppDelegate.swift in Sources */,
				8B8CEEE11CC109F900326045 /* DescriptionView.swift in Sources */,
				8B48620C1CC2272F001D50FD /* Weather.swift in Sources */,
			);
			runOnlyForDeploymentPostprocessing = 0;
		};
/* End PBXSourcesBuildPhase section */

/* Begin PBXVariantGroup section */
		8B641A6F1CBD088F007E19ED /* LaunchScreen.storyboard */ = {
			isa = PBXVariantGroup;
			children = (
				8B641A701CBD088F007E19ED /* Base */,
			);
			name = LaunchScreen.storyboard;
			sourceTree = "<group>";
		};
/* End PBXVariantGroup section */

/* Begin XCBuildConfiguration section */
		8B641A731CBD088F007E19ED /* Debug */ = {
			isa = XCBuildConfiguration;
			buildSettings = {
				ALWAYS_SEARCH_USER_PATHS = NO;
				CLANG_ANALYZER_NONNULL = YES;
				CLANG_CXX_LANGUAGE_STANDARD = "gnu++0x";
				CLANG_CXX_LIBRARY = "libc++";
				CLANG_ENABLE_MODULES = YES;
				CLANG_ENABLE_OBJC_ARC = YES;
				CLANG_WARN_BOOL_CONVERSION = YES;
				CLANG_WARN_CONSTANT_CONVERSION = YES;
				CLANG_WARN_DIRECT_OBJC_ISA_USAGE = YES_ERROR;
				CLANG_WARN_EMPTY_BODY = YES;
				CLANG_WARN_ENUM_CONVERSION = YES;
				CLANG_WARN_INT_CONVERSION = YES;
				CLANG_WARN_OBJC_ROOT_CLASS = YES_ERROR;
				CLANG_WARN_UNREACHABLE_CODE = YES;
				CLANG_WARN__DUPLICATE_METHOD_MATCH = YES;
				"CODE_SIGN_IDENTITY[sdk=iphoneos*]" = "iPhone Developer";
				COPY_PHASE_STRIP = NO;
				DEBUG_INFORMATION_FORMAT = dwarf;
				ENABLE_STRICT_OBJC_MSGSEND = YES;
				ENABLE_TESTABILITY = YES;
				GCC_C_LANGUAGE_STANDARD = gnu99;
				GCC_DYNAMIC_NO_PIC = NO;
				GCC_NO_COMMON_BLOCKS = YES;
				GCC_OPTIMIZATION_LEVEL = 0;
				GCC_PREPROCESSOR_DEFINITIONS = (
					"DEBUG=1",
					"$(inherited)",
				);
				GCC_WARN_64_TO_32_BIT_CONVERSION = YES;
				GCC_WARN_ABOUT_RETURN_TYPE = YES_ERROR;
				GCC_WARN_UNDECLARED_SELECTOR = YES;
				GCC_WARN_UNINITIALIZED_AUTOS = YES_AGGRESSIVE;
				GCC_WARN_UNUSED_FUNCTION = YES;
				GCC_WARN_UNUSED_VARIABLE = YES;
				IPHONEOS_DEPLOYMENT_TARGET = 9.3;
				MTL_ENABLE_DEBUG_INFO = YES;
				ONLY_ACTIVE_ARCH = YES;
				SDKROOT = iphoneos;
				SWIFT_OPTIMIZATION_LEVEL = "-Onone";
				TARGETED_DEVICE_FAMILY = "1,2";
			};
			name = Debug;
		};
		8B641A741CBD088F007E19ED /* Release */ = {
			isa = XCBuildConfiguration;
			buildSettings = {
				ALWAYS_SEARCH_USER_PATHS = NO;
				CLANG_ANALYZER_NONNULL = YES;
				CLANG_CXX_LANGUAGE_STANDARD = "gnu++0x";
				CLANG_CXX_LIBRARY = "libc++";
				CLANG_ENABLE_MODULES = YES;
				CLANG_ENABLE_OBJC_ARC = YES;
				CLANG_WARN_BOOL_CONVERSION = YES;
				CLANG_WARN_CONSTANT_CONVERSION = YES;
				CLANG_WARN_DIRECT_OBJC_ISA_USAGE = YES_ERROR;
				CLANG_WARN_EMPTY_BODY = YES;
				CLANG_WARN_ENUM_CONVERSION = YES;
				CLANG_WARN_INT_CONVERSION = YES;
				CLANG_WARN_OBJC_ROOT_CLASS = YES_ERROR;
				CLANG_WARN_UNREACHABLE_CODE = YES;
				CLANG_WARN__DUPLICATE_METHOD_MATCH = YES;
				"CODE_SIGN_IDENTITY[sdk=iphoneos*]" = "iPhone Developer";
				COPY_PHASE_STRIP = NO;
				DEBUG_INFORMATION_FORMAT = "dwarf-with-dsym";
				ENABLE_NS_ASSERTIONS = NO;
				ENABLE_STRICT_OBJC_MSGSEND = YES;
				GCC_C_LANGUAGE_STANDARD = gnu99;
				GCC_NO_COMMON_BLOCKS = YES;
				GCC_WARN_64_TO_32_BIT_CONVERSION = YES;
				GCC_WARN_ABOUT_RETURN_TYPE = YES_ERROR;
				GCC_WARN_UNDECLARED_SELECTOR = YES;
				GCC_WARN_UNINITIALIZED_AUTOS = YES_AGGRESSIVE;
				GCC_WARN_UNUSED_FUNCTION = YES;
				GCC_WARN_UNUSED_VARIABLE = YES;
				IPHONEOS_DEPLOYMENT_TARGET = 9.3;
				MTL_ENABLE_DEBUG_INFO = NO;
				SDKROOT = iphoneos;
				TARGETED_DEVICE_FAMILY = "1,2";
				VALIDATE_PRODUCT = YES;
			};
			name = Release;
		};
		8B641A761CBD088F007E19ED /* Debug */ = {
			isa = XCBuildConfiguration;
			baseConfigurationReference = 9DCB6520C0EE1A194039B325 /* Pods-WeatherMap.debug.xcconfig */;
			buildSettings = {
				ASSETCATALOG_COMPILER_APPICON_NAME = AppIcon;
				INFOPLIST_FILE = WeatherMap/Info.plist;
				LD_RUNPATH_SEARCH_PATHS = "$(inherited) @executable_path/Frameworks";
				PRODUCT_BUNDLE_IDENTIFIER = com.my.temp.WeatherMap;
				PRODUCT_NAME = "$(TARGET_NAME)";
			};
			name = Debug;
		};
		8B641A771CBD088F007E19ED /* Release */ = {
			isa = XCBuildConfiguration;
			baseConfigurationReference = 80E7921538D1F87A07155175 /* Pods-WeatherMap.release.xcconfig */;
			buildSettings = {
				ASSETCATALOG_COMPILER_APPICON_NAME = AppIcon;
				INFOPLIST_FILE = WeatherMap/Info.plist;
				LD_RUNPATH_SEARCH_PATHS = "$(inherited) @executable_path/Frameworks";
				PRODUCT_BUNDLE_IDENTIFIER = com.my.temp.WeatherMap;
				PRODUCT_NAME = "$(TARGET_NAME)";
			};
			name = Release;
		};
/* End XCBuildConfiguration section */

/* Begin XCConfigurationList section */
		8B641A5E1CBD088F007E19ED /* Build configuration list for PBXProject "WeatherMap" */ = {
			isa = XCConfigurationList;
			buildConfigurations = (
				8B641A731CBD088F007E19ED /* Debug */,
				8B641A741CBD088F007E19ED /* Release */,
			);
			defaultConfigurationIsVisible = 0;
			defaultConfigurationName = Release;
		};
		8B641A751CBD088F007E19ED /* Build configuration list for PBXNativeTarget "WeatherMap" */ = {
			isa = XCConfigurationList;
			buildConfigurations = (
				8B641A761CBD088F007E19ED /* Debug */,
				8B641A771CBD088F007E19ED /* Release */,
			);
			defaultConfigurationIsVisible = 0;
			defaultConfigurationName = Release;
		};
/* End XCConfigurationList section */
	};
	rootObject = 8B641A5B1CBD088F007E19ED /* Project object */;
}
